
Microsoft Visual Studio Solution File, Format Version 12.00
# Visual Studio Version 16
VisualStudioVersion = 16.0.29102.190
MinimumVisualStudioVersion = 10.0.40219.1
Project("{8BC9CEB8-8B4A-11D0-8D11-00A0C91BC942}") = "mainDemo", "mainDemo.vcxproj", "{97AF5F1F-7608-4A8F-BE61-1D83FB8FF9FE}"
	ProjectSection(ProjectDependencies) = postProject
		{4890D111-5FA2-4571-8448-86FE79E0E1A4} = {4890D111-5FA2-4571-8448-86FE79E0E1A4}
	EndProjectSection
EndProject
Project("{8BC9CEB8-8B4A-11D0-8D11-00A0C91BC942}") = "MiddlewareImprocessDll", "..\MiddlewareImprocessDll\MiddlewareImprocessDll.vcxproj", "{4890D111-5FA2-4571-8448-86FE79E0E1A4}"
	ProjectSection(ProjectDependencies) = postProject
		{4C597859-D1A6-4B0B-9710-FEE8A25CBD34} = {4C597859-D1A6-4B0B-9710-FEE8A25CBD34}
		{4BEDFFD0-F73A-47C3-8AD7-8CD87B18101B} = {4BEDFFD0-F73A-47C3-8AD7-8CD87B18101B}
	EndProjectSection
EndProject
Project("{8BC9CEB8-8B4A-11D0-8D11-00A0C91BC942}") = "LogTxt", "..\LogTxt\LogTxt.vcxproj", "{4BEDFFD0-F73A-47C3-8AD7-8CD87B18101B}"
EndProject
Project("{8BC9CEB8-8B4A-11D0-8D11-00A0C91BC942}") = "ImgProcOffline", "..\ImgProcOffline\ImgProcOffline.vcxproj", "{DD26D278-EF90-46EE-B701-B6E2EB16E6AD}"
	ProjectSection(ProjectDependencies) = postProject
		{4890D111-5FA2-4571-8448-86FE79E0E1A4} = {4890D111-5FA2-4571-8448-86FE79E0E1A4}
	EndProjectSection
EndProject
Project("{8BC9CEB8-8B4A-11D0-8D11-00A0C91BC942}") = "selRoiDemo", "..\selRoiDemo\selRoiDemo.vcxproj", "{80E27B99-328D-44A9-B60F-EC3A5F52FB8C}"
EndProject
Project("{8BC9CEB8-8B4A-11D0-8D11-00A0C91BC942}") = "09-Handshake", "..\09-Handshake\09-Handshake.vcxproj", "{C7B18A04-9AA0-4B6B-8700-BA3DD122122E}"
EndProject
Project("{8BC9CEB8-8B4A-11D0-8D11-00A0C91BC942}") = "DParaInteraction", "..\DParaInteraction\DParaInteraction.vcxproj", "{23A596DE-DF88-497A-8901-D77FC037D9E4}"
EndProject
Project("{8BC9CEB8-8B4A-11D0-8D11-00A0C91BC942}") = "Im-particle-di", "..\Im-particle-di\Im-particle-di.vcxproj", "{4C597859-D1A6-4B0B-9710-FEE8A25CBD34}"
EndProject
Project("{8BC9CEB8-8B4A-11D0-8D11-00A0C91BC942}") = "opencvTest", "..\opencvTest\opencvTest.vcxproj", "{9839BD57-61A2-4B5B-B5B7-579BF42A4AB7}"
EndProject
Global
	GlobalSection(SolutionConfigurationPlatforms) = preSolution
		Debug|ARM = Debug|ARM
		Debug|Itanium = Debug|Itanium
		Debug|Win32 = Debug|Win32
		Debug|x64 = Debug|x64
		Debug|x86 = Debug|x86
		Release|ARM = Release|ARM
		Release|Itanium = Release|Itanium
		Release|Win32 = Release|Win32
		Release|x64 = Release|x64
		Release|x86 = Release|x86
		Template|ARM = Template|ARM
		Template|Itanium = Template|Itanium
		Template|Win32 = Template|Win32
		Template|x64 = Template|x64
		Template|x86 = Template|x86
	EndGlobalSection
	GlobalSection(ProjectConfigurationPlatforms) = postSolution
		{97AF5F1F-7608-4A8F-BE61-1D83FB8FF9FE}.Debug|ARM.ActiveCfg = Debug|Win32
		{97AF5F1F-7608-4A8F-BE61-1D83FB8FF9FE}.Debug|Itanium.ActiveCfg = Debug|Win32
		{97AF5F1F-7608-4A8F-BE61-1D83FB8FF9FE}.Debug|Win32.ActiveCfg = Debug|Win32
		{97AF5F1F-7608-4A8F-BE61-1D83FB8FF9FE}.Debug|Win32.Build.0 = Debug|Win32
		{97AF5F1F-7608-4A8F-BE61-1D83FB8FF9FE}.Debug|x64.ActiveCfg = Debug|Win32
		{97AF5F1F-7608-4A8F-BE61-1D83FB8FF9FE}.Debug|x64.Build.0 = Debug|Win32
		{97AF5F1F-7608-4A8F-BE61-1D83FB8FF9FE}.Debug|x86.ActiveCfg = Debug|Win32
		{97AF5F1F-7608-4A8F-BE61-1D83FB8FF9FE}.Debug|x86.Build.0 = Debug|Win32
		{97AF5F1F-7608-4A8F-BE61-1D83FB8FF9FE}.Release|ARM.ActiveCfg = Release|Win32
		{97AF5F1F-7608-4A8F-BE61-1D83FB8FF9FE}.Release|Itanium.ActiveCfg = Release|Win32
		{97AF5F1F-7608-4A8F-BE61-1D83FB8FF9FE}.Release|Win32.ActiveCfg = Release|Win32
		{97AF5F1F-7608-4A8F-BE61-1D83FB8FF9FE}.Release|Win32.Build.0 = Release|Win32
		{97AF5F1F-7608-4A8F-BE61-1D83FB8FF9FE}.Release|x64.ActiveCfg = Release|Win32
		{97AF5F1F-7608-4A8F-BE61-1D83FB8FF9FE}.Release|x86.ActiveCfg = Debug|Win32
		{97AF5F1F-7608-4A8F-BE61-1D83FB8FF9FE}.Release|x86.Build.0 = Debug|Win32
		{97AF5F1F-7608-4A8F-BE61-1D83FB8FF9FE}.Template|ARM.ActiveCfg = Release|Win32
		{97AF5F1F-7608-4A8F-BE61-1D83FB8FF9FE}.Template|ARM.Build.0 = Release|Win32
		{97AF5F1F-7608-4A8F-BE61-1D83FB8FF9FE}.Template|Itanium.ActiveCfg = Release|Win32
		{97AF5F1F-7608-4A8F-BE61-1D83FB8FF9FE}.Template|Win32.ActiveCfg = Release|Win32
		{97AF5F1F-7608-4A8F-BE61-1D83FB8FF9FE}.Template|Win32.Build.0 = Release|Win32
		{97AF5F1F-7608-4A8F-BE61-1D83FB8FF9FE}.Template|x64.ActiveCfg = Release|Win32
		{97AF5F1F-7608-4A8F-BE61-1D83FB8FF9FE}.Template|x86.ActiveCfg = Debug|Win32
		{97AF5F1F-7608-4A8F-BE61-1D83FB8FF9FE}.Template|x86.Build.0 = Debug|Win32
		{4890D111-5FA2-4571-8448-86FE79E0E1A4}.Debug|ARM.ActiveCfg = Debug|Win32
		{4890D111-5FA2-4571-8448-86FE79E0E1A4}.Debug|Itanium.ActiveCfg = Debug|Win32
		{4890D111-5FA2-4571-8448-86FE79E0E1A4}.Debug|Win32.ActiveCfg = Debug|Win32
		{4890D111-5FA2-4571-8448-86FE79E0E1A4}.Debug|Win32.Build.0 = Debug|Win32
		{4890D111-5FA2-4571-8448-86FE79E0E1A4}.Debug|x64.ActiveCfg = Debug|Win32
		{4890D111-5FA2-4571-8448-86FE79E0E1A4}.Debug|x64.Build.0 = Debug|Win32
		{4890D111-5FA2-4571-8448-86FE79E0E1A4}.Debug|x86.ActiveCfg = Debug|Win32
		{4890D111-5FA2-4571-8448-86FE79E0E1A4}.Debug|x86.Build.0 = Debug|Win32
		{4890D111-5FA2-4571-8448-86FE79E0E1A4}.Release|ARM.ActiveCfg = Release|Win32
		{4890D111-5FA2-4571-8448-86FE79E0E1A4}.Release|Itanium.ActiveCfg = Release|Win32
		{4890D111-5FA2-4571-8448-86FE79E0E1A4}.Release|Win32.ActiveCfg = Release|Win32
		{4890D111-5FA2-4571-8448-86FE79E0E1A4}.Release|Win32.Build.0 = Release|Win32
		{4890D111-5FA2-4571-8448-86FE79E0E1A4}.Release|x64.ActiveCfg = Release|Win32
		{4890D111-5FA2-4571-8448-86FE79E0E1A4}.Release|x86.ActiveCfg = Debug|Win32
		{4890D111-5FA2-4571-8448-86FE79E0E1A4}.Release|x86.Build.0 = Debug|Win32
		{4890D111-5FA2-4571-8448-86FE79E0E1A4}.Template|ARM.ActiveCfg = Release|Win32
		{4890D111-5FA2-4571-8448-86FE79E0E1A4}.Template|ARM.Build.0 = Release|Win32
		{4890D111-5FA2-4571-8448-86FE79E0E1A4}.Template|Itanium.ActiveCfg = Release|Win32
		{4890D111-5FA2-4571-8448-86FE79E0E1A4}.Template|Win32.ActiveCfg = Release|Win32
		{4890D111-5FA2-4571-8448-86FE79E0E1A4}.Template|Win32.Build.0 = Release|Win32
		{4890D111-5FA2-4571-8448-86FE79E0E1A4}.Template|x64.ActiveCfg = Release|Win32
		{4890D111-5FA2-4571-8448-86FE79E0E1A4}.Template|x86.ActiveCfg = Debug|Win32
		{4890D111-5FA2-4571-8448-86FE79E0E1A4}.Template|x86.Build.0 = Debug|Win32
		{4BEDFFD0-F73A-47C3-8AD7-8CD87B18101B}.Debug|ARM.ActiveCfg = Debug|Win32
		{4BEDFFD0-F73A-47C3-8AD7-8CD87B18101B}.Debug|Itanium.ActiveCfg = Debug|Win32
		{4BEDFFD0-F73A-47C3-8AD7-8CD87B18101B}.Debug|Win32.ActiveCfg = Debug|Win32
		{4BEDFFD0-F73A-47C3-8AD7-8CD87B18101B}.Debug|Win32.Build.0 = Debug|Win32
		{4BEDFFD0-F73A-47C3-8AD7-8CD87B18101B}.Debug|x64.ActiveCfg = Debug|Win32
		{4BEDFFD0-F73A-47C3-8AD7-8CD87B18101B}.Debug|x86.ActiveCfg = Debug|Win32
		{4BEDFFD0-F73A-47C3-8AD7-8CD87B18101B}.Debug|x86.Build.0 = Debug|Win32
		{4BEDFFD0-F73A-47C3-8AD7-8CD87B18101B}.Release|ARM.ActiveCfg = Release|Win32
		{4BEDFFD0-F73A-47C3-8AD7-8CD87B18101B}.Release|Itanium.ActiveCfg = Release|Win32
		{4BEDFFD0-F73A-47C3-8AD7-8CD87B18101B}.Release|Win32.ActiveCfg = Release|Win32
		{4BEDFFD0-F73A-47C3-8AD7-8CD87B18101B}.Release|Win32.Build.0 = Release|Win32
		{4BEDFFD0-F73A-47C3-8AD7-8CD87B18101B}.Release|x64.ActiveCfg = Release|Win32
		{4BEDFFD0-F73A-47C3-8AD7-8CD87B18101B}.Release|x86.ActiveCfg = Debug|Win32
		{4BEDFFD0-F73A-47C3-8AD7-8CD87B18101B}.Release|x86.Build.0 = Debug|Win32
		{4BEDFFD0-F73A-47C3-8AD7-8CD87B18101B}.Template|ARM.ActiveCfg = Release|Win32
		{4BEDFFD0-F73A-47C3-8AD7-8CD87B18101B}.Template|Itanium.ActiveCfg = Release|Win32
		{4BEDFFD0-F73A-47C3-8AD7-8CD87B18101B}.Template|Win32.ActiveCfg = Release|Win32
		{4BEDFFD0-F73A-47C3-8AD7-8CD87B18101B}.Template|Win32.Build.0 = Release|Win32
		{4BEDFFD0-F73A-47C3-8AD7-8CD87B18101B}.Template|x64.ActiveCfg = Release|Win32
		{4BEDFFD0-F73A-47C3-8AD7-8CD87B18101B}.Template|x86.ActiveCfg = Debug|Win32
		{4BEDFFD0-F73A-47C3-8AD7-8CD87B18101B}.Template|x86.Build.0 = Debug|Win32
		{DD26D278-EF90-46EE-B701-B6E2EB16E6AD}.Debug|ARM.ActiveCfg = Debug|Win32
		{DD26D278-EF90-46EE-B701-B6E2EB16E6AD}.Debug|Itanium.ActiveCfg = Debug|Win32
		{DD26D278-EF90-46EE-B701-B6E2EB16E6AD}.Debug|Win32.ActiveCfg = Debug|Win32
		{DD26D278-EF90-46EE-B701-B6E2EB16E6AD}.Debug|Win32.Build.0 = Debug|Win32
		{DD26D278-EF90-46EE-B701-B6E2EB16E6AD}.Debug|x64.ActiveCfg = Debug|Win32
		{DD26D278-EF90-46EE-B701-B6E2EB16E6AD}.Debug|x64.Build.0 = Debug|Win32
		{DD26D278-EF90-46EE-B701-B6E2EB16E6AD}.Debug|x86.ActiveCfg = Debug|Win32
		{DD26D278-EF90-46EE-B701-B6E2EB16E6AD}.Debug|x86.Build.0 = Debug|Win32
		{DD26D278-EF90-46EE-B701-B6E2EB16E6AD}.Release|ARM.ActiveCfg = Release|Win32
		{DD26D278-EF90-46EE-B701-B6E2EB16E6AD}.Release|Itanium.ActiveCfg = Release|Win32
		{DD26D278-EF90-46EE-B701-B6E2EB16E6AD}.Release|Win32.ActiveCfg = Release|Win32
		{DD26D278-EF90-46EE-B701-B6E2EB16E6AD}.Release|Win32.Build.0 = Release|Win32
		{DD26D278-EF90-46EE-B701-B6E2EB16E6AD}.Release|x64.ActiveCfg = Release|Win32
		{DD26D278-EF90-46EE-B701-B6E2EB16E6AD}.Release|x86.ActiveCfg = Debug|Win32
		{DD26D278-EF90-46EE-B701-B6E2EB16E6AD}.Release|x86.Build.0 = Debug|Win32
		{DD26D278-EF90-46EE-B701-B6E2EB16E6AD}.Template|ARM.ActiveCfg = Release|Win32
		{DD26D278-EF90-46EE-B701-B6E2EB16E6AD}.Template|ARM.Build.0 = Release|Win32
		{DD26D278-EF90-46EE-B701-B6E2EB16E6AD}.Template|Itanium.ActiveCfg = Release|Win32
		{DD26D278-EF90-46EE-B701-B6E2EB16E6AD}.Template|Win32.ActiveCfg = Release|Win32
		{DD26D278-EF90-46EE-B701-B6E2EB16E6AD}.Template|Win32.Build.0 = Release|Win32
		{DD26D278-EF90-46EE-B701-B6E2EB16E6AD}.Template|x64.ActiveCfg = Release|Win32
		{DD26D278-EF90-46EE-B701-B6E2EB16E6AD}.Template|x86.ActiveCfg = Debug|Win32
		{DD26D278-EF90-46EE-B701-B6E2EB16E6AD}.Template|x86.Build.0 = Debug|Win32
		{80E27B99-328D-44A9-B60F-EC3A5F52FB8C}.Debug|ARM.ActiveCfg = Debug|Win32
		{80E27B99-328D-44A9-B60F-EC3A5F52FB8C}.Debug|Itanium.ActiveCfg = Debug|Win32
		{80E27B99-328D-44A9-B60F-EC3A5F52FB8C}.Debug|Win32.ActiveCfg = Debug|Win32
		{80E27B99-328D-44A9-B60F-EC3A5F52FB8C}.Debug|Win32.Build.0 = Debug|Win32
		{80E27B99-328D-44A9-B60F-EC3A5F52FB8C}.Debug|x64.ActiveCfg = Debug|Win32
		{80E27B99-328D-44A9-B60F-EC3A5F52FB8C}.Debug|x64.Build.0 = Debug|Win32
		{80E27B99-328D-44A9-B60F-EC3A5F52FB8C}.Debug|x86.ActiveCfg = Debug|Win32
		{80E27B99-328D-44A9-B60F-EC3A5F52FB8C}.Debug|x86.Build.0 = Debug|Win32
		{80E27B99-328D-44A9-B60F-EC3A5F52FB8C}.Release|ARM.ActiveCfg = Release|Win32
		{80E27B99-328D-44A9-B60F-EC3A5F52FB8C}.Release|Itanium.ActiveCfg = Release|Win32
		{80E27B99-328D-44A9-B60F-EC3A5F52FB8C}.Release|Win32.ActiveCfg = Release|Win32
		{80E27B99-328D-44A9-B60F-EC3A5F52FB8C}.Release|Win32.Build.0 = Release|Win32
		{80E27B99-328D-44A9-B60F-EC3A5F52FB8C}.Release|x64.ActiveCfg = Release|Win32
		{80E27B99-328D-44A9-B60F-EC3A5F52FB8C}.Release|x86.ActiveCfg = Debug|Win32
		{80E27B99-328D-44A9-B60F-EC3A5F52FB8C}.Release|x86.Build.0 = Debug|Win32
		{80E27B99-328D-44A9-B60F-EC3A5F52FB8C}.Template|ARM.ActiveCfg = Release|Win32
		{80E27B99-328D-44A9-B60F-EC3A5F52FB8C}.Template|ARM.Build.0 = Release|Win32
		{80E27B99-328D-44A9-B60F-EC3A5F52FB8C}.Template|Itanium.ActiveCfg = Release|Win32
		{80E27B99-328D-44A9-B60F-EC3A5F52FB8C}.Template|Win32.ActiveCfg = Release|Win32
		{80E27B99-328D-44A9-B60F-EC3A5F52FB8C}.Template|Win32.Build.0 = Release|Win32
		{80E27B99-328D-44A9-B60F-EC3A5F52FB8C}.Template|x64.ActiveCfg = Release|Win32
		{80E27B99-328D-44A9-B60F-EC3A5F52FB8C}.Template|x86.ActiveCfg = Debug|Win32
		{80E27B99-328D-44A9-B60F-EC3A5F52FB8C}.Template|x86.Build.0 = Debug|Win32
		{C7B18A04-9AA0-4B6B-8700-BA3DD122122E}.Debug|ARM.ActiveCfg = Debug|Win32
		{C7B18A04-9AA0-4B6B-8700-BA3DD122122E}.Debug|Itanium.ActiveCfg = Debug|Win32
		{C7B18A04-9AA0-4B6B-8700-BA3DD122122E}.Debug|Win32.ActiveCfg = Debug|Win32
		{C7B18A04-9AA0-4B6B-8700-BA3DD122122E}.Debug|Win32.Build.0 = Debug|Win32
		{C7B18A04-9AA0-4B6B-8700-BA3DD122122E}.Debug|x64.ActiveCfg = Debug|Win32
		{C7B18A04-9AA0-4B6B-8700-BA3DD122122E}.Debug|x86.ActiveCfg = Debug|Win32
		{C7B18A04-9AA0-4B6B-8700-BA3DD122122E}.Debug|x86.Build.0 = Debug|Win32
		{C7B18A04-9AA0-4B6B-8700-BA3DD122122E}.Release|ARM.ActiveCfg = Release|Win32
		{C7B18A04-9AA0-4B6B-8700-BA3DD122122E}.Release|Itanium.ActiveCfg = Release|Win32
		{C7B18A04-9AA0-4B6B-8700-BA3DD122122E}.Release|Win32.ActiveCfg = Release|Win32
		{C7B18A04-9AA0-4B6B-8700-BA3DD122122E}.Release|Win32.Build.0 = Release|Win32
		{C7B18A04-9AA0-4B6B-8700-BA3DD122122E}.Release|x64.ActiveCfg = Release|Win32
		{C7B18A04-9AA0-4B6B-8700-BA3DD122122E}.Release|x86.ActiveCfg = Debug|Win32
		{C7B18A04-9AA0-4B6B-8700-BA3DD122122E}.Release|x86.Build.0 = Debug|Win32
		{C7B18A04-9AA0-4B6B-8700-BA3DD122122E}.Template|ARM.ActiveCfg = Release|Win32
		{C7B18A04-9AA0-4B6B-8700-BA3DD122122E}.Template|Itanium.ActiveCfg = Release|Win32
		{C7B18A04-9AA0-4B6B-8700-BA3DD122122E}.Template|Win32.ActiveCfg = Release|Win32
		{C7B18A04-9AA0-4B6B-8700-BA3DD122122E}.Template|Win32.Build.0 = Release|Win32
		{C7B18A04-9AA0-4B6B-8700-BA3DD122122E}.Template|x64.ActiveCfg = Release|Win32
		{C7B18A04-9AA0-4B6B-8700-BA3DD122122E}.Template|x86.ActiveCfg = Debug|Win32
		{C7B18A04-9AA0-4B6B-8700-BA3DD122122E}.Template|x86.Build.0 = Debug|Win32
		{23A596DE-DF88-497A-8901-D77FC037D9E4}.Debug|ARM.ActiveCfg = Debug|Win32
		{23A596DE-DF88-497A-8901-D77FC037D9E4}.Debug|Itanium.ActiveCfg = Debug|Win32
		{23A596DE-DF88-497A-8901-D77FC037D9E4}.Debug|Win32.ActiveCfg = Debug|Win32
		{23A596DE-DF88-497A-8901-D77FC037D9E4}.Debug|Win32.Build.0 = Debug|Win32
		{23A596DE-DF88-497A-8901-D77FC037D9E4}.Debug|x64.ActiveCfg = Debug|Win32
		{23A596DE-DF88-497A-8901-D77FC037D9E4}.Debug|x86.ActiveCfg = Debug|Win32
		{23A596DE-DF88-497A-8901-D77FC037D9E4}.Release|ARM.ActiveCfg = Release|Win32
		{23A596DE-DF88-497A-8901-D77FC037D9E4}.Release|Itanium.ActiveCfg = Release|Win32
		{23A596DE-DF88-497A-8901-D77FC037D9E4}.Release|Win32.ActiveCfg = Release|Win32
		{23A596DE-DF88-497A-8901-D77FC037D9E4}.Release|Win32.Build.0 = Release|Win32
		{23A596DE-DF88-497A-8901-D77FC037D9E4}.Release|x64.ActiveCfg = Release|Win32
		{23A596DE-DF88-497A-8901-D77FC037D9E4}.Release|x86.ActiveCfg = Release|Win32
		{23A596DE-DF88-497A-8901-D77FC037D9E4}.Template|ARM.ActiveCfg = Release|Win32
		{23A596DE-DF88-497A-8901-D77FC037D9E4}.Template|Itanium.ActiveCfg = Release|Win32
		{23A596DE-DF88-497A-8901-D77FC037D9E4}.Template|Win32.ActiveCfg = Release|Win32
		{23A596DE-DF88-497A-8901-D77FC037D9E4}.Template|Win32.Build.0 = Release|Win32
		{23A596DE-DF88-497A-8901-D77FC037D9E4}.Template|x64.ActiveCfg = Release|Win32
		{23A596DE-DF88-497A-8901-D77FC037D9E4}.Template|x86.ActiveCfg = Release|Win32
		{4C597859-D1A6-4B0B-9710-FEE8A25CBD34}.Debug|ARM.ActiveCfg = Debug|Win32
		{4C597859-D1A6-4B0B-9710-FEE8A25CBD34}.Debug|Itanium.ActiveCfg = Debug|Win32
		{4C597859-D1A6-4B0B-9710-FEE8A25CBD34}.Debug|Win32.ActiveCfg = Debug|Win32
		{4C597859-D1A6-4B0B-9710-FEE8A25CBD34}.Debug|Win32.Build.0 = Debug|Win32
		{4C597859-D1A6-4B0B-9710-FEE8A25CBD34}.Debug|x64.ActiveCfg = Debug|Win32
		{4C597859-D1A6-4B0B-9710-FEE8A25CBD34}.Debug|x86.ActiveCfg = Debug|Win32
		{4C597859-D1A6-4B0B-9710-FEE8A25CBD34}.Debug|x86.Build.0 = Debug|Win32
		{4C597859-D1A6-4B0B-9710-FEE8A25CBD34}.Release|ARM.ActiveCfg = Release|Win32
		{4C597859-D1A6-4B0B-9710-FEE8A25CBD34}.Release|Itanium.ActiveCfg = Release|Win32
		{4C597859-D1A6-4B0B-9710-FEE8A25CBD34}.Release|Win32.ActiveCfg = Release|Win32
		{4C597859-D1A6-4B0B-9710-FEE8A25CBD34}.Release|Win32.Build.0 = Release|Win32
		{4C597859-D1A6-4B0B-9710-FEE8A25CBD34}.Release|x64.ActiveCfg = Release|Win32
		{4C597859-D1A6-4B0B-9710-FEE8A25CBD34}.Release|x86.ActiveCfg = Release|Win32
		{4C597859-D1A6-4B0B-9710-FEE8A25CBD34}.Release|x86.Build.0 = Release|Win32
		{4C597859-D1A6-4B0B-9710-FEE8A25CBD34}.Template|ARM.ActiveCfg = Release|Win32
		{4C597859-D1A6-4B0B-9710-FEE8A25CBD34}.Template|ARM.Build.0 = Release|Win32
		{4C597859-D1A6-4B0B-9710-FEE8A25CBD34}.Template|Itanium.ActiveCfg = Release|Win32
		{4C597859-D1A6-4B0B-9710-FEE8A25CBD34}.Template|Itanium.Build.0 = Release|Win32
		{4C597859-D1A6-4B0B-9710-FEE8A25CBD34}.Template|Win32.ActiveCfg = Release|Win32
		{4C597859-D1A6-4B0B-9710-FEE8A25CBD34}.Template|Win32.Build.0 = Release|Win32
		{4C597859-D1A6-4B0B-9710-FEE8A25CBD34}.Template|x64.ActiveCfg = Release|Win32
		{4C597859-D1A6-4B0B-9710-FEE8A25CBD34}.Template|x64.Build.0 = Release|Win32
		{4C597859-D1A6-4B0B-9710-FEE8A25CBD34}.Template|x86.ActiveCfg = Release|Win32
		{4C597859-D1A6-4B0B-9710-FEE8A25CBD34}.Template|x86.Build.0 = Release|Win32
		{9839BD57-61A2-4B5B-B5B7-579BF42A4AB7}.Debug|ARM.ActiveCfg = Debug|Win32
		{9839BD57-61A2-4B5B-B5B7-579BF42A4AB7}.Debug|Itanium.ActiveCfg = Debug|Win32
		{9839BD57-61A2-4B5B-B5B7-579BF42A4AB7}.Debug|Win32.ActiveCfg = Debug|Win32
		{9839BD57-61A2-4B5B-B5B7-579BF42A4AB7}.Debug|Win32.Build.0 = Debug|Win32
		{9839BD57-61A2-4B5B-B5B7-579BF42A4AB7}.Debug|x64.ActiveCfg = Debug|Win32
		{9839BD57-61A2-4B5B-B5B7-579BF42A4AB7}.Debug|x86.ActiveCfg = Debug|Win32
		{9839BD57-61A2-4B5B-B5B7-579BF42A4AB7}.Release|ARM.ActiveCfg = Release|Win32
		{9839BD57-61A2-4B5B-B5B7-579BF42A4AB7}.Release|Itanium.ActiveCfg = Release|Win32
		{9839BD57-61A2-4B5B-B5B7-579BF42A4AB7}.Release|Win32.ActiveCfg = Release|Win32
		{9839BD57-61A2-4B5B-B5B7-579BF42A4AB7}.Release|Win32.Build.0 = Release|Win32
		{9839BD57-61A2-4B5B-B5B7-579BF42A4AB7}.Release|x64.ActiveCfg = Release|Win32
		{9839BD57-61A2-4B5B-B5B7-579BF42A4AB7}.Release|x86.ActiveCfg = Release|Win32
		{9839BD57-61A2-4B5B-B5B7-579BF42A4AB7}.Template|ARM.ActiveCfg = Release|Win32
		{9839BD57-61A2-4B5B-B5B7-579BF42A4AB7}.Template|Itanium.ActiveCfg = Release|Win32
		{9839BD57-61A2-4B5B-B5B7-579BF42A4AB7}.Template|Win32.ActiveCfg = Release|Win32
		{9839BD57-61A2-4B5B-B5B7-579BF42A4AB7}.Template|Win32.Build.0 = Release|Win32
		{9839BD57-61A2-4B5B-B5B7-579BF42A4AB7}.Template|x64.ActiveCfg = Release|Win32
		{9839BD57-61A2-4B5B-B5B7-579BF42A4AB7}.Template|x86.ActiveCfg = Release|Win32
	EndGlobalSection
	GlobalSection(SolutionProperties) = preSolution
		HideSolutionNode = FALSE
	EndGlobalSection
	GlobalSection(ExtensibilityGlobals) = postSolution
		SolutionGuid = {3D1C7E3E-8243-4F61-A2E1-997479FD2E79}
		VisualSVNWorkingCopyRoot = ..
	EndGlobalSection
EndGlobal
