<?xml version="1.0" encoding="utf-8"?>
<Project ToolsVersion="4.0" xmlns="http://schemas.microsoft.com/developer/msbuild/2003">
  <ItemGroup>
    <Filter Include="Source Files">
      <UniqueIdentifier>{4FC737F1-C7A5-4376-A066-2A32D752A2FF}</UniqueIdentifier>
      <Extensions>cpp;c;cc;cxx;def;odl;idl;hpj;bat;asm;asmx</Extensions>
    </Filter>
    <Filter Include="Header Files">
      <UniqueIdentifier>{93995380-89BD-4b04-88EB-625FBE52EBFB}</UniqueIdentifier>
      <Extensions>h;hpp;hxx;hm;inl;inc;xsd</Extensions>
    </Filter>
    <Filter Include="Resource Files">
      <UniqueIdentifier>{67DA6AB6-F800-4c08-8B7A-83BB121AAD01}</UniqueIdentifier>
      <Extensions>rc;ico;cur;bmp;dlg;rc2;rct;bin;rgs;gif;jpg;jpeg;jpe;resx;tiff;tif;png;wav</Extensions>
    </Filter>
  </ItemGroup>
  <ItemGroup>
    <ClCompile Include="Button_mod.cpp">
      <Filter>Source Files</Filter>
    </ClCompile>
    <ClCompile Include="ChildView.cpp">
      <Filter>Source Files</Filter>
    </ClCompile>
    <ClCompile Include="Comm_ADS.cpp">
      <Filter>Source Files</Filter>
    </ClCompile>
    <ClCompile Include="Container_main.cpp">
      <Filter>Source Files</Filter>
    </ClCompile>
    <ClCompile Include="Container_wnd.cpp">
      <Filter>Source Files</Filter>
    </ClCompile>
    <ClCompile Include="DGCROWN_communication.cpp">
      <Filter>Source Files</Filter>
    </ClCompile>
    <ClCompile Include="Edit_mod.cpp">
      <Filter>Source Files</Filter>
    </ClCompile>
    <ClCompile Include="File_mngmt.cpp">
      <Filter>Source Files</Filter>
    </ClCompile>
    <ClCompile Include="Globals.cpp">
      <Filter>Source Files</Filter>
    </ClCompile>
    <ClCompile Include="Image_display.cpp">
      <Filter>Source Files</Filter>
    </ClCompile>
    <ClCompile Include="Info_box.cpp">
      <Filter>Source Files</Filter>
    </ClCompile>
    <ClCompile Include="Input_figures.cpp">
      <Filter>Source Files</Filter>
    </ClCompile>
    <ClCompile Include="Input_string.cpp">
      <Filter>Source Files</Filter>
    </ClCompile>
    <ClCompile Include="MainFrm.cpp">
      <Filter>Source Files</Filter>
    </ClCompile>
    <ClCompile Include="Menu_button.cpp">
      <Filter>Source Files</Filter>
    </ClCompile>
    <ClCompile Include="Parameter.cpp">
      <Filter>Source Files</Filter>
    </ClCompile>
    <ClCompile Include="Riga_testo.cpp">
      <Filter>Source Files</Filter>
    </ClCompile>
    <ClCompile Include="SG_file_management.cpp">
      <Filter>Source Files</Filter>
    </ClCompile>
    <ClCompile Include="Static_mod.cpp">
      <Filter>Source Files</Filter>
    </ClCompile>
    <ClCompile Include="stdafx.cpp">
      <Filter>Source Files</Filter>
    </ClCompile>
    <ClCompile Include="Tipo_timer.cpp">
      <Filter>Source Files</Filter>
    </ClCompile>
    <ClCompile Include="VSQK.cpp">
      <Filter>Source Files</Filter>
    </ClCompile>
    <ClCompile Include="Results_manager.cpp">
      <Filter>Source Files</Filter>
    </ClCompile>
    <ClCompile Include="Camera.cpp">
      <Filter>Source Files</Filter>
    </ClCompile>
    <ClCompile Include="Output_data.cpp">
      <Filter>Source Files</Filter>
    </ClCompile>
    <ClCompile Include="Password_manager.cpp">
      <Filter>Source Files</Filter>
    </ClCompile>
    <ClCompile Include="Recipe_manager.cpp">
      <Filter>Source Files</Filter>
    </ClCompile>
    <ClCompile Include="Logger.cpp">
      <Filter>Source Files</Filter>
    </ClCompile>
    <ClCompile Include="Manual_jog.cpp">
      <Filter>Source Files</Filter>
    </ClCompile>
    <ClCompile Include="Calibration_data.cpp">
      <Filter>Source Files</Filter>
    </ClCompile>
    <ClCompile Include="IniFile.cpp">
      <Filter>Source Files</Filter>
    </ClCompile>
    <ClCompile Include="Splash_screen.cpp">
      <Filter>Source Files</Filter>
    </ClCompile>
  </ItemGroup>
  <ItemGroup>
    <ClInclude Include="Button_mod.h">
      <Filter>Header Files</Filter>
    </ClInclude>
    <ClInclude Include="ChildView.h">
      <Filter>Header Files</Filter>
    </ClInclude>
    <ClInclude Include="Container_main.h">
      <Filter>Header Files</Filter>
    </ClInclude>
    <ClInclude Include="Container_wnd.h">
      <Filter>Header Files</Filter>
    </ClInclude>
    <ClInclude Include="Def_globali.h">
      <Filter>Header Files</Filter>
    </ClInclude>
    <ClInclude Include="DGCROWN_communication.h">
      <Filter>Header Files</Filter>
    </ClInclude>
    <ClInclude Include="Edit_mod.h">
      <Filter>Header Files</Filter>
    </ClInclude>
    <ClInclude Include="File_mngmt.h">
      <Filter>Header Files</Filter>
    </ClInclude>
    <ClInclude Include="Globals.h">
      <Filter>Header Files</Filter>
    </ClInclude>
    <ClInclude Include="Image_display.h">
      <Filter>Header Files</Filter>
    </ClInclude>
    <ClInclude Include="Info_box.h">
      <Filter>Header Files</Filter>
    </ClInclude>
    <ClInclude Include="Input_figures.h">
      <Filter>Header Files</Filter>
    </ClInclude>
    <ClInclude Include="Input_string.h">
      <Filter>Header Files</Filter>
    </ClInclude>
    <ClInclude Include="MainFrm.h">
      <Filter>Header Files</Filter>
    </ClInclude>
    <ClInclude Include="Menu_button.h">
      <Filter>Header Files</Filter>
    </ClInclude>
    <ClInclude Include="Parameter.h">
      <Filter>Header Files</Filter>
    </ClInclude>
    <ClInclude Include="PNGlib.h">
      <Filter>Header Files</Filter>
    </ClInclude>
    <ClInclude Include="Resource.h">
      <Filter>Header Files</Filter>
    </ClInclude>
    <ClInclude Include="Riga_testo.h">
      <Filter>Header Files</Filter>
    </ClInclude>
    <ClInclude Include="SG_file_management.h">
      <Filter>Header Files</Filter>
    </ClInclude>
    <ClInclude Include="Static_mod.h">
      <Filter>Header Files</Filter>
    </ClInclude>
    <ClInclude Include="stdafx.h">
      <Filter>Header Files</Filter>
    </ClInclude>
    <ClInclude Include="strings.h">
      <Filter>Header Files</Filter>
    </ClInclude>
    <ClInclude Include="Tipo_timer.h">
      <Filter>Header Files</Filter>
    </ClInclude>
    <ClInclude Include="Results_manager.h">
      <Filter>Header Files</Filter>
    </ClInclude>
    <ClInclude Include="Camera.h">
      <Filter>Header Files</Filter>
    </ClInclude>
    <ClInclude Include="Output_data.h">
      <Filter>Header Files</Filter>
    </ClInclude>
    <ClInclude Include="Password_manager.h">
      <Filter>Header Files</Filter>
    </ClInclude>
    <ClInclude Include="Recipe_manager.h">
      <Filter>Header Files</Filter>
    </ClInclude>
    <ClInclude Include="Logger.h">
      <Filter>Header Files</Filter>
    </ClInclude>
    <ClInclude Include="Manual_jog.h">
      <Filter>Header Files</Filter>
    </ClInclude>
    <ClInclude Include="Calibration_data.h">
      <Filter>Header Files</Filter>
    </ClInclude>
    <ClInclude Include="IniFile.h">
      <Filter>Header Files</Filter>
    </ClInclude>
    <ClInclude Include="Splash_screen.h">
      <Filter>Header Files</Filter>
    </ClInclude>
  </ItemGroup>
  <ItemGroup>
    <None Include="res\arrow_down.bmp">
      <Filter>Resource Files</Filter>
    </None>
    <None Include="res\arrow_left.bmp">
      <Filter>Resource Files</Filter>
    </None>
    <None Include="res\arrow_right.bmp">
      <Filter>Resource Files</Filter>
    </None>
    <None Include="res\arrow_up.bmp">
      <Filter>Resource Files</Filter>
    </None>
    <None Include="res\blue.ico">
      <Filter>Resource Files</Filter>
    </None>
    <None Include="res\hor_enlarge.bmp">
      <Filter>Resource Files</Filter>
    </None>
    <None Include="res\hor_reduce.bmp">
      <Filter>Resource Files</Filter>
    </None>
    <None Include="res\vert_enlarge.bmp">
      <Filter>Resource Files</Filter>
    </None>
    <None Include="res\vert_reduce.bmp">
      <Filter>Resource Files</Filter>
    </None>
    <None Include="res\LOGO_330x64.bmp">
      <Filter>Resource Files</Filter>
    </None>
    <None Include="res\LOGO_80x80.bmp">
      <Filter>Resource Files</Filter>
    </None>
    <None Include="res\bitmap4.bmp">
      <Filter>Resource Files</Filter>
    </None>
    <None Include="res\Visiquick logo 300.bmp">
      <Filter>Resource Files</Filter>
    </None>
    <None Include="res\bitmap6.bmp">
      <Filter>Resource Files</Filter>
    </None>
    <None Include="res\splash.bmp">
      <Filter>Resource Files</Filter>
    </None>
  </ItemGroup>
  <ItemGroup>
    <ResourceCompile Include="VSQK.rc">
      <Filter>Resource Files</Filter>
    </ResourceCompile>
  </ItemGroup>
  <ItemGroup>
    <Library Include="Lib\AdsDll.lib">
      <Filter>Source Files</Filter>
    </Library>
  </ItemGroup>
</Project>